
Microsoft Visual Studio Solution File, Format Version 12.00
# Visual Studio Version 17
VisualStudioVersion = 17.3.32929.385
MinimumVisualStudioVersion = 10.0.40219.1
Project("{FAE04EC0-301F-11D3-BF4B-00C04F79EFBC}") = "TowerDefense", "TowerDefense\TowerDefense.csproj", "{B814D7D4-FA55-4826-AA0A-4AC1F81CF73A}"
EndProject
Global
	GlobalSection(SolutionConfigurationPlatforms) = preSolution
		Debug|Any CPU = Debug|Any CPU
		Release|Any CPU = Release|Any CPU
	EndGlobalSection
	GlobalSection(ProjectConfigurationPlatforms) = postSolution
		{B814D7D4-FA55-4826-AA0A-4AC1F81CF73A}.Debug|Any CPU.ActiveCfg = Debug|Any CPU
		{B814D7D4-FA55-4826-AA0A-4AC1F81CF73A}.Debug|Any CPU.Build.0 = Debug|Any CPU
		{B814D7D4-FA55-4826-AA0A-4AC1F81CF73A}.Release|Any CPU.ActiveCfg = Release|Any CPU
		{B814D7D4-FA55-4826-AA0A-4AC1F81CF73A}.Release|Any CPU.Build.0 = Release|Any CPU
	EndGlobalSection
	GlobalSection(SolutionProperties) = preSolution
		HideSolutionNode = FALSE
	EndGlobalSection
	GlobalSection(ExtensibilityGlobals) = postSolution
		SolutionGuid = {6FA6B1BF-A82C-4884-989E-A8C845581BEB}
	EndGlobalSection
EndGlobal
